
Microsoft Visual Studio Solution File, Format Version 12.00
Project("{FAE04EC0-301F-11D3-BF4B-00C04F79EFBC}") = "ConnectApp.Domain", "ConnectApp.Domain\ConnectApp.Domain.csproj", "{BD001972-DDEE-48F0-A101-9A5111C7226D}"
EndProject
Project("{FAE04EC0-301F-11D3-BF4B-00C04F79EFBC}") = "ConnectApp.Application", "ConnectApp.Application\ConnectApp.Application.csproj", "{36910CBA-35F8-48E4-8CFC-35F529B995BE}"
EndProject
Project("{FAE04EC0-301F-11D3-BF4B-00C04F79EFBC}") = "ConnectApp.Infrastructure", "ConnectApp.Infrastructure\ConnectApp.Infrastructure.csproj", "{95781C07-F8B5-4919-A514-F8F3E00F854F}"
EndProject
Project("{FAE04EC0-301F-11D3-BF4B-00C04F79EFBC}") = "ConnectApp.Api", "ConnectApp.Api\ConnectApp.Api.csproj", "{0B44E721-5CD6-440A-B768-5B31D64908D3}"
EndProject
Global
	GlobalSection(SolutionConfigurationPlatforms) = preSolution
		Debug|Any CPU = Debug|Any CPU
		Release|Any CPU = Release|Any CPU
	EndGlobalSection
	GlobalSection(ProjectConfigurationPlatforms) = postSolution
		{BD001972-DDEE-48F0-A101-9A5111C7226D}.Debug|Any CPU.ActiveCfg = Debug|Any CPU
		{BD001972-DDEE-48F0-A101-9A5111C7226D}.Debug|Any CPU.Build.0 = Debug|Any CPU
		{BD001972-DDEE-48F0-A101-9A5111C7226D}.Release|Any CPU.ActiveCfg = Release|Any CPU
		{BD001972-DDEE-48F0-A101-9A5111C7226D}.Release|Any CPU.Build.0 = Release|Any CPU
		{36910CBA-35F8-48E4-8CFC-35F529B995BE}.Debug|Any CPU.ActiveCfg = Debug|Any CPU
		{36910CBA-35F8-48E4-8CFC-35F529B995BE}.Debug|Any CPU.Build.0 = Debug|Any CPU
		{36910CBA-35F8-48E4-8CFC-35F529B995BE}.Release|Any CPU.ActiveCfg = Release|Any CPU
		{36910CBA-35F8-48E4-8CFC-35F529B995BE}.Release|Any CPU.Build.0 = Release|Any CPU
		{95781C07-F8B5-4919-A514-F8F3E00F854F}.Debug|Any CPU.ActiveCfg = Debug|Any CPU
		{95781C07-F8B5-4919-A514-F8F3E00F854F}.Debug|Any CPU.Build.0 = Debug|Any CPU
		{95781C07-F8B5-4919-A514-F8F3E00F854F}.Release|Any CPU.ActiveCfg = Release|Any CPU
		{95781C07-F8B5-4919-A514-F8F3E00F854F}.Release|Any CPU.Build.0 = Release|Any CPU
		{0B44E721-5CD6-440A-B768-5B31D64908D3}.Debug|Any CPU.ActiveCfg = Debug|Any CPU
		{0B44E721-5CD6-440A-B768-5B31D64908D3}.Debug|Any CPU.Build.0 = Debug|Any CPU
		{0B44E721-5CD6-440A-B768-5B31D64908D3}.Release|Any CPU.ActiveCfg = Release|Any CPU
		{0B44E721-5CD6-440A-B768-5B31D64908D3}.Release|Any CPU.Build.0 = Release|Any CPU
	EndGlobalSection
EndGlobal
